
Microsoft Visual Studio Solution File, Format Version 12.00
# Visual Studio 15
VisualStudioVersion = 15.0.25920.0
MinimumVisualStudioVersion = 10.0.40219.1
Project("{9A19103F-16F7-4668-BE54-9A1E7A4F7556}") = "WebApp", "WebApp\WebApp.csproj", "{B94C72EF-8C94-4776-83CD-EEABF716A880}"
EndProject
Project("{9A19103F-16F7-4668-BE54-9A1E7A4F7556}") = "Data", "Data\Data.csproj", "{257D9F4E-1F87-41EB-B8A6-10812D60BAD0}"
EndProject
Project("{9A19103F-16F7-4668-BE54-9A1E7A4F7556}") = "Domain", "Domain\Domain.csproj", "{511B6476-B58E-4D73-8042-7230051DAC1A}"
EndProject
Project("{2150E333-8FDC-42A3-9474-1A3956D46DE8}") = "Solution Items", "Solution Items", "{FAA0D2E5-8FDC-440B-A992-EA65F5F847A0}"
	ProjectSection(SolutionItems) = preProject
		Dockerfile = Dockerfile
		Publish.ps1 = Publish.ps1
		readme.md = readme.md
	EndProjectSection
EndProject
Global
	GlobalSection(SolutionConfigurationPlatforms) = preSolution
		Debug|Any CPU = Debug|Any CPU
		Release|Any CPU = Release|Any CPU
	EndGlobalSection
	GlobalSection(ProjectConfigurationPlatforms) = postSolution
		{B94C72EF-8C94-4776-83CD-EEABF716A880}.Debug|Any CPU.ActiveCfg = Debug|Any CPU
		{B94C72EF-8C94-4776-83CD-EEABF716A880}.Debug|Any CPU.Build.0 = Debug|Any CPU
		{B94C72EF-8C94-4776-83CD-EEABF716A880}.Release|Any CPU.ActiveCfg = Release|Any CPU
		{B94C72EF-8C94-4776-83CD-EEABF716A880}.Release|Any CPU.Build.0 = Release|Any CPU
		{257D9F4E-1F87-41EB-B8A6-10812D60BAD0}.Debug|Any CPU.ActiveCfg = Debug|Any CPU
		{257D9F4E-1F87-41EB-B8A6-10812D60BAD0}.Debug|Any CPU.Build.0 = Debug|Any CPU
		{257D9F4E-1F87-41EB-B8A6-10812D60BAD0}.Release|Any CPU.ActiveCfg = Release|Any CPU
		{257D9F4E-1F87-41EB-B8A6-10812D60BAD0}.Release|Any CPU.Build.0 = Release|Any CPU
		{511B6476-B58E-4D73-8042-7230051DAC1A}.Debug|Any CPU.ActiveCfg = Debug|Any CPU
		{511B6476-B58E-4D73-8042-7230051DAC1A}.Debug|Any CPU.Build.0 = Debug|Any CPU
		{511B6476-B58E-4D73-8042-7230051DAC1A}.Release|Any CPU.ActiveCfg = Release|Any CPU
		{511B6476-B58E-4D73-8042-7230051DAC1A}.Release|Any CPU.Build.0 = Release|Any CPU
	EndGlobalSection
	GlobalSection(SolutionProperties) = preSolution
		HideSolutionNode = FALSE
	EndGlobalSection
EndGlobal
