
Microsoft Visual Studio Solution File, Format Version 12.00
# Visual Studio 15
VisualStudioVersion = 15.0.25920.0
MinimumVisualStudioVersion = 10.0.40219.1
Project("{FAE04EC0-301F-11D3-BF4B-00C04F79EFBC}") = "WebApp", "WebApp\WebApp.csproj", "{B94C72EF-8C94-4776-83CD-EEABF716A880}"
EndProject
Project("{FAE04EC0-301F-11D3-BF4B-00C04F79EFBC}") = "Data", "Data\Data.csproj", "{257D9F4E-1F87-41EB-B8A6-10812D60BAD0}"
EndProject
Project("{FAE04EC0-301F-11D3-BF4B-00C04F79EFBC}") = "Domain", "Domain\Domain.csproj", "{511B6476-B58E-4D73-8042-7230051DAC1A}"
EndProject
Global
	GlobalSection(SolutionConfigurationPlatforms) = preSolution
		Debug|Any CPU = Debug|Any CPU
		Release|Any CPU = Release|Any CPU
	EndGlobalSection
	GlobalSection(ProjectConfigurationPlatforms) = postSolution
		{B94C72EF-8C94-4776-83CD-EEABF716A880}.Debug|Any CPU.ActiveCfg = Debug|Any CPU
		{B94C72EF-8C94-4776-83CD-EEABF716A880}.Debug|Any CPU.Build.0 = Debug|Any CPU
		{B94C72EF-8C94-4776-83CD-EEABF716A880}.Release|Any CPU.ActiveCfg = Release|Any CPU
		{B94C72EF-8C94-4776-83CD-EEABF716A880}.Release|Any CPU.Build.0 = Release|Any CPU
		{257D9F4E-1F87-41EB-B8A6-10812D60BAD0}.Debug|Any CPU.ActiveCfg = Debug|Any CPU
		{257D9F4E-1F87-41EB-B8A6-10812D60BAD0}.Debug|Any CPU.Build.0 = Debug|Any CPU
		{257D9F4E-1F87-41EB-B8A6-10812D60BAD0}.Release|Any CPU.ActiveCfg = Release|Any CPU
		{257D9F4E-1F87-41EB-B8A6-10812D60BAD0}.Release|Any CPU.Build.0 = Release|Any CPU
		{511B6476-B58E-4D73-8042-7230051DAC1A}.Debug|Any CPU.ActiveCfg = Debug|Any CPU
		{511B6476-B58E-4D73-8042-7230051DAC1A}.Debug|Any CPU.Build.0 = Debug|Any CPU
		{511B6476-B58E-4D73-8042-7230051DAC1A}.Release|Any CPU.ActiveCfg = Release|Any CPU
		{511B6476-B58E-4D73-8042-7230051DAC1A}.Release|Any CPU.Build.0 = Release|Any CPU
	EndGlobalSection
	GlobalSection(SolutionProperties) = preSolution
		HideSolutionNode = FALSE
	EndGlobalSection
EndGlobal
